// !$*UTF8*$!
{
	archiveVersion = 1;
	classes = {
	};
	objectVersion = 46;
	objects = {

/* Begin PBXBuildFile section */
		1E0417D3189A70E5003F87D6 /* Default-568h@2x.png in Resources */ = {isa = PBXBuildFile; fileRef = 1E0417D0189A70E5003F87D6 /* Default-568h@2x.png */; };
		1E0417D4189A70E5003F87D6 /* Default.png in Resources */ = {isa = PBXBuildFile; fileRef = 1E0417D1189A70E5003F87D6 /* Default.png */; };
		1E0417D5189A70E5003F87D6 /* Default@2x.png in Resources */ = {isa = PBXBuildFile; fileRef = 1E0417D2189A70E5003F87D6 /* Default@2x.png */; };
		1E480DAF1859C4540052A2F2 /* Foundation.framework in Frameworks */ = {isa = PBXBuildFile; fileRef = 1E480DAE1859C4540052A2F2 /* Foundation.framework */; };
		1E480DB11859C4540052A2F2 /* CoreGraphics.framework in Frameworks */ = {isa = PBXBuildFile; fileRef = 1E480DB01859C4540052A2F2 /* CoreGraphics.framework */; };
		1E480DB31859C4540052A2F2 /* UIKit.framework in Frameworks */ = {isa = PBXBuildFile; fileRef = 1E480DB21859C4540052A2F2 /* UIKit.framework */; };
		1E480DB91859C4540052A2F2 /* InfoPlist.strings in Resources */ = {isa = PBXBuildFile; fileRef = 1E480DB71859C4540052A2F2 /* InfoPlist.strings */; };
		1E480DBB1859C4540052A2F2 /* main.m in Sources */ = {isa = PBXBuildFile; fileRef = 1E480DBA1859C4540052A2F2 /* main.m */; };
		1E480DBF1859C4540052A2F2 /* AppDelegate.m in Sources */ = {isa = PBXBuildFile; fileRef = 1E480DBE1859C4540052A2F2 /* AppDelegate.m */; };
		1E480DE21859C4A60052A2F2 /* AudioToolbox.framework in Frameworks */ = {isa = PBXBuildFile; fileRef = 1E480DDD1859C4A60052A2F2 /* AudioToolbox.framework */; };
		1E480DE31859C4A60052A2F2 /* iAd.framework in Frameworks */ = {isa = PBXBuildFile; fileRef = 1E480DDE1859C4A60052A2F2 /* iAd.framework */; };
		1E480DE41859C4A60052A2F2 /* OpenAL.framework in Frameworks */ = {isa = PBXBuildFile; fileRef = 1E480DDF1859C4A60052A2F2 /* OpenAL.framework */; };
		1E480DE51859C4A60052A2F2 /* OpenGLES.framework in Frameworks */ = {isa = PBXBuildFile; fileRef = 1E480DE01859C4A60052A2F2 /* OpenGLES.framework */; };
		1E480DE61859C4A60052A2F2 /* QuartzCore.framework in Frameworks */ = {isa = PBXBuildFile; fileRef = 1E480DE11859C4A60052A2F2 /* QuartzCore.framework */; };
		1E4AFF2425E00F4700213810 /* vessel.cpp in Sources */ = {isa = PBXBuildFile; fileRef = 1E4AFEA925E00F4700213810 /* vessel.cpp */; };
		1E4AFF2525E00F4700213810 /* OBAQlicense.txt in Resources */ = {isa = PBXBuildFile; fileRef = 1E4AFEAA25E00F4700213810 /* OBAQlicense.txt */; };
		1E4AFF2625E00F4700213810 /* rock.cpp in Sources */ = {isa = PBXBuildFile; fileRef = 1E4AFEAE25E00F4700213810 /* rock.cpp */; };
		1E4AFF2725E00F4700213810 /* HspViewController.mm in Sources */ = {isa = PBXBuildFile; fileRef = 1E4AFEB225E00F4700213810 /* HspViewController.mm */; };
		1E4AFF2825E00F4700213810 /* Image.mm in Sources */ = {isa = PBXBuildFile; fileRef = 1E4AFEB425E00F4700213810 /* Image.mm */; };
		1E4AFF2925E00F4700213810 /* Canvas.mm in Sources */ = {isa = PBXBuildFile; fileRef = 1E4AFEB525E00F4700213810 /* Canvas.mm */; };
		1E4AFF2A25E00F4700213810 /* HspView.mm in Sources */ = {isa = PBXBuildFile; fileRef = 1E4AFEB625E00F4700213810 /* HspView.mm */; };
		1E4AFF2C25E00F4700213810 /* iOSBridge.mm in Sources */ = {isa = PBXBuildFile; fileRef = 1E4AFEB825E00F4700213810 /* iOSBridge.mm */; };
		1E4AFF2E25E00F4700213810 /* Graphics.mm in Sources */ = {isa = PBXBuildFile; fileRef = 1E4AFEBC25E00F4700213810 /* Graphics.mm */; };
		1E4AFF2F25E00F4700213810 /* hsp3code.cpp in Sources */ = {isa = PBXBuildFile; fileRef = 1E4AFEC225E00F4700213810 /* hsp3code.cpp */; };
		1E4AFF3025E00F4700213810 /* hsp3r.cpp in Sources */ = {isa = PBXBuildFile; fileRef = 1E4AFEC525E00F4700213810 /* hsp3r.cpp */; };
		1E4AFF3125E00F4700213810 /* hsp3embed.cpp in Sources */ = {isa = PBXBuildFile; fileRef = 1E4AFEC625E00F4700213810 /* hsp3embed.cpp */; };
		1E4AFF3225E00F4700213810 /* misc.mm in Sources */ = {isa = PBXBuildFile; fileRef = 1E4AFEC725E00F4700213810 /* misc.mm */; };
		1E4AFF3325E00F4700213810 /* hspvar_util.cpp in Sources */ = {isa = PBXBuildFile; fileRef = 1E4AFEC825E00F4700213810 /* hspvar_util.cpp */; };
		1E4AFF3425E00F4700213810 /* hsp3int.cpp in Sources */ = {isa = PBXBuildFile; fileRef = 1E4AFECB25E00F4700213810 /* hsp3int.cpp */; };
		1E4AFF3525E00F4700213810 /* hspwnd_dish.cpp in Sources */ = {isa = PBXBuildFile; fileRef = 1E4AFECD25E00F4700213810 /* hspwnd_dish.cpp */; };
		1E4AFF3625E00F4700213810 /* hspvar_str.cpp in Sources */ = {isa = PBXBuildFile; fileRef = 1E4AFECE25E00F4700213810 /* hspvar_str.cpp */; };
		1E4AFF3725E00F4700213810 /* hspwnd_edit.cpp in Sources */ = {isa = PBXBuildFile; fileRef = 1E4AFECF25E00F4700213810 /* hspwnd_edit.cpp */; };
		1E4AFF3825E00F4700213810 /* geometry.cpp in Sources */ = {isa = PBXBuildFile; fileRef = 1E4AFED025E00F4700213810 /* geometry.cpp */; };
		1E4AFF3925E00F4700213810 /* dpmread.cpp in Sources */ = {isa = PBXBuildFile; fileRef = 1E4AFED125E00F4700213810 /* dpmread.cpp */; };
		1E4AFF3A25E00F4700213810 /* hsp3dw.cpp in Sources */ = {isa = PBXBuildFile; fileRef = 1E4AFED325E00F4700213810 /* hsp3dw.cpp */; };
		1E4AFF3B25E00F4700213810 /* omkedraw.cpp in Sources */ = {isa = PBXBuildFile; fileRef = 1E4AFED425E00F4700213810 /* omkedraw.cpp */; };
		1E4AFF3C25E00F4700213810 /* game.cpp in Sources */ = {isa = PBXBuildFile; fileRef = 1E4AFED825E00F4700213810 /* game.cpp */; };
		1E4AFF3D25E00F4700213810 /* essprite.cpp in Sources */ = {isa = PBXBuildFile; fileRef = 1E4AFED925E00F4700213810 /* essprite.cpp */; };
		1E4AFF3E25E00F4700213810 /* hspvar_double.cpp in Sources */ = {isa = PBXBuildFile; fileRef = 1E4AFEDC25E00F4700213810 /* hspvar_double.cpp */; };
		1E4AFF3F25E00F4700213810 /* strbuf.cpp in Sources */ = {isa = PBXBuildFile; fileRef = 1E4AFEDD25E00F4700213810 /* strbuf.cpp */; };
		1E4AFF4025E00F4700213810 /* random.cpp in Sources */ = {isa = PBXBuildFile; fileRef = 1E4AFEDF25E00F4700213810 /* random.cpp */; };
		1E4AFF4125E00F4700213810 /* sysreq.cpp in Sources */ = {isa = PBXBuildFile; fileRef = 1E4AFEE225E00F4700213810 /* sysreq.cpp */; };
		1E4AFF4225E00F4700213810 /* stack.cpp in Sources */ = {isa = PBXBuildFile; fileRef = 1E4AFEE525E00F4700213810 /* stack.cpp */; };
		1E4AFF4325E00F4700213810 /* hspvar_label.cpp in Sources */ = {isa = PBXBuildFile; fileRef = 1E4AFEE625E00F4700213810 /* hspvar_label.cpp */; };
		1E4AFF4425E00F4700213810 /* stb_image.c in Sources */ = {isa = PBXBuildFile; fileRef = 1E4AFEE825E00F4700213810 /* stb_image.c */; };
		1E4AFF4525E00F4700213810 /* hsp3ext_ios.cpp in Sources */ = {isa = PBXBuildFile; fileRef = 1E4AFEEA25E00F4700213810 /* hsp3ext_ios.cpp */; };
		1E4AFF4625E00F4700213810 /* fontsystem.cpp in Sources */ = {isa = PBXBuildFile; fileRef = 1E4AFEEB25E00F4700213810 /* fontsystem.cpp */; };
		1E4AFF4725E00F4700213810 /* supio_ios.cpp in Sources */ = {isa = PBXBuildFile; fileRef = 1E4AFEEC25E00F4700213810 /* supio_ios.cpp */; };
		1E4AFF4825E00F4700213810 /* mmman.mm in Sources */ = {isa = PBXBuildFile; fileRef = 1E4AFEF125E00F4700213810 /* mmman.mm */; };
		1E4AFF4925E00F4700213810 /* hgtex.cpp in Sources */ = {isa = PBXBuildFile; fileRef = 1E4AFEF625E00F4700213810 /* hgtex.cpp */; };
		1E4AFF4A25E00F4700213810 /* hgiox.cpp in Sources */ = {isa = PBXBuildFile; fileRef = 1E4AFEF825E00F4700213810 /* hgiox.cpp */; };
		1E4AFF4B25E00F4700213810 /* webtask_ios.cpp in Sources */ = {isa = PBXBuildFile; fileRef = 1E4AFEF925E00F4700213810 /* webtask_ios.cpp */; };
		1E4AFF5425E00F4700213810 /* hspvar_int.cpp in Sources */ = {isa = PBXBuildFile; fileRef = 1E4AFF0E25E00F4700213810 /* hspvar_int.cpp */; };
		1E4AFF5525E00F4700213810 /* strnote.cpp in Sources */ = {isa = PBXBuildFile; fileRef = 1E4AFF0F25E00F4700213810 /* strnote.cpp */; };
		1E4AFF5625E00F4700213810 /* hspvar_core.cpp in Sources */ = {isa = PBXBuildFile; fileRef = 1E4AFF1025E00F4700213810 /* hspvar_core.cpp */; };
		1E4AFF5725E00F4700213810 /* hsp3debug.cpp in Sources */ = {isa = PBXBuildFile; fileRef = 1E4AFF1125E00F4700213810 /* hsp3debug.cpp */; };
		1E4AFF5825E00F4700213810 /* hsp3gr_dish.cpp in Sources */ = {isa = PBXBuildFile; fileRef = 1E4AFF1325E00F4700213810 /* hsp3gr_dish.cpp */; };
		1E4AFF5925E00F4700213810 /* hspwnd_obj.cpp in Sources */ = {isa = PBXBuildFile; fileRef = 1E4AFF1525E00F4700213810 /* hspwnd_obj.cpp */; };
		1E4AFF5A25E00F4700213810 /* texmes.cpp in Sources */ = {isa = PBXBuildFile; fileRef = 1E4AFF1A25E00F4700213810 /* texmes.cpp */; };
		1E4AFF5B25E00F4700213810 /* hspvar_struct.cpp in Sources */ = {isa = PBXBuildFile; fileRef = 1E4AFF1B25E00F4700213810 /* hspvar_struct.cpp */; };
		1E6849631859C5D200603D88 /* hspsource.cpp in Sources */ = {isa = PBXBuildFile; fileRef = 1E6849621859C5D200603D88 /* hspsource.cpp */; };
		1EA5558F189A462D00344013 /* icon57.png in Resources */ = {isa = PBXBuildFile; fileRef = 1EA5558C189A462D00344013 /* icon57.png */; };
		1EA55590189A462D00344013 /* icon58.png in Resources */ = {isa = PBXBuildFile; fileRef = 1EA5558D189A462D00344013 /* icon58.png */; };
		1EA55591189A462D00344013 /* icon120.png in Resources */ = {isa = PBXBuildFile; fileRef = 1EA5558E189A462D00344013 /* icon120.png */; };
/* End PBXBuildFile section */

/* Begin PBXFileReference section */
		1E0417D0189A70E5003F87D6 /* Default-568h@2x.png */ = {isa = PBXFileReference; lastKnownFileType = image.png; path = "Default-568h@2x.png"; sourceTree = "<group>"; };
		1E0417D1189A70E5003F87D6 /* Default.png */ = {isa = PBXFileReference; lastKnownFileType = image.png; path = Default.png; sourceTree = "<group>"; };
		1E0417D2189A70E5003F87D6 /* Default@2x.png */ = {isa = PBXFileReference; lastKnownFileType = image.png; path = "Default@2x.png"; sourceTree = "<group>"; };
		1E480DAB1859C4540052A2F2 /* hspproj.app */ = {isa = PBXFileReference; explicitFileType = wrapper.application; includeInIndex = 0; path = hspproj.app; sourceTree = BUILT_PRODUCTS_DIR; };
		1E480DAE1859C4540052A2F2 /* Foundation.framework */ = {isa = PBXFileReference; lastKnownFileType = wrapper.framework; name = Foundation.framework; path = System/Library/Frameworks/Foundation.framework; sourceTree = SDKROOT; };
		1E480DB01859C4540052A2F2 /* CoreGraphics.framework */ = {isa = PBXFileReference; lastKnownFileType = wrapper.framework; name = CoreGraphics.framework; path = System/Library/Frameworks/CoreGraphics.framework; sourceTree = SDKROOT; };
		1E480DB21859C4540052A2F2 /* UIKit.framework */ = {isa = PBXFileReference; lastKnownFileType = wrapper.framework; name = UIKit.framework; path = System/Library/Frameworks/UIKit.framework; sourceTree = SDKROOT; };
		1E480DB61859C4540052A2F2 /* hspproj-Info.plist */ = {isa = PBXFileReference; lastKnownFileType = text.plist.xml; path = "hspproj-Info.plist"; sourceTree = "<group>"; };
		1E480DB81859C4540052A2F2 /* en */ = {isa = PBXFileReference; lastKnownFileType = text.plist.strings; name = en; path = en.lproj/InfoPlist.strings; sourceTree = "<group>"; };
		1E480DBA1859C4540052A2F2 /* main.m */ = {isa = PBXFileReference; lastKnownFileType = sourcecode.c.objc; path = main.m; sourceTree = "<group>"; };
		1E480DBC1859C4540052A2F2 /* hspproj-Prefix.pch */ = {isa = PBXFileReference; lastKnownFileType = sourcecode.c.h; path = "hspproj-Prefix.pch"; sourceTree = "<group>"; };
		1E480DBD1859C4540052A2F2 /* AppDelegate.h */ = {isa = PBXFileReference; lastKnownFileType = sourcecode.c.h; path = AppDelegate.h; sourceTree = "<group>"; };
		1E480DBE1859C4540052A2F2 /* AppDelegate.m */ = {isa = PBXFileReference; lastKnownFileType = sourcecode.c.objc; path = AppDelegate.m; sourceTree = "<group>"; };
		1E480DDD1859C4A60052A2F2 /* AudioToolbox.framework */ = {isa = PBXFileReference; lastKnownFileType = wrapper.framework; name = AudioToolbox.framework; path = System/Library/Frameworks/AudioToolbox.framework; sourceTree = SDKROOT; };
		1E480DDE1859C4A60052A2F2 /* iAd.framework */ = {isa = PBXFileReference; lastKnownFileType = wrapper.framework; name = iAd.framework; path = System/Library/Frameworks/iAd.framework; sourceTree = SDKROOT; };
		1E480DDF1859C4A60052A2F2 /* OpenAL.framework */ = {isa = PBXFileReference; lastKnownFileType = wrapper.framework; name = OpenAL.framework; path = System/Library/Frameworks/OpenAL.framework; sourceTree = SDKROOT; };
		1E480DE01859C4A60052A2F2 /* OpenGLES.framework */ = {isa = PBXFileReference; lastKnownFileType = wrapper.framework; name = OpenGLES.framework; path = System/Library/Frameworks/OpenGLES.framework; sourceTree = SDKROOT; };
		1E480DE11859C4A60052A2F2 /* QuartzCore.framework */ = {isa = PBXFileReference; lastKnownFileType = wrapper.framework; name = QuartzCore.framework; path = System/Library/Frameworks/QuartzCore.framework; sourceTree = SDKROOT; };
		1E4AFEA925E00F4700213810 /* vessel.cpp */ = {isa = PBXFileReference; fileEncoding = 4; lastKnownFileType = sourcecode.cpp.cpp; path = vessel.cpp; sourceTree = "<group>"; };
		1E4AFEAA25E00F4700213810 /* OBAQlicense.txt */ = {isa = PBXFileReference; fileEncoding = 4; lastKnownFileType = text; path = OBAQlicense.txt; sourceTree = "<group>"; };
		1E4AFEAB25E00F4700213810 /* rock.h */ = {isa = PBXFileReference; fileEncoding = 4; lastKnownFileType = sourcecode.c.h; path = rock.h; sourceTree = "<group>"; };
		1E4AFEAC25E00F4700213810 /* gamePhysics.h */ = {isa = PBXFileReference; fileEncoding = 4; lastKnownFileType = sourcecode.c.h; path = gamePhysics.h; sourceTree = "<group>"; };
		1E4AFEAD25E00F4700213810 /* vessel.h */ = {isa = PBXFileReference; fileEncoding = 4; lastKnownFileType = sourcecode.c.h; path = vessel.h; sourceTree = "<group>"; };
		1E4AFEAE25E00F4700213810 /* rock.cpp */ = {isa = PBXFileReference; fileEncoding = 4; lastKnownFileType = sourcecode.cpp.cpp; path = rock.cpp; sourceTree = "<group>"; };
		1E4AFEAF25E00F4700213810 /* ptttypes.h */ = {isa = PBXFileReference; fileEncoding = 4; lastKnownFileType = sourcecode.c.h; path = ptttypes.h; sourceTree = "<group>"; };
		1E4AFEB225E00F4700213810 /* HspViewController.mm */ = {isa = PBXFileReference; fileEncoding = 4; lastKnownFileType = sourcecode.cpp.objcpp; path = HspViewController.mm; sourceTree = "<group>"; };
		1E4AFEB325E00F4700213810 /* iOSBridge.h */ = {isa = PBXFileReference; fileEncoding = 4; lastKnownFileType = sourcecode.c.h; path = iOSBridge.h; sourceTree = "<group>"; };
		1E4AFEB425E00F4700213810 /* Image.mm */ = {isa = PBXFileReference; fileEncoding = 4; lastKnownFileType = sourcecode.cpp.objcpp; path = Image.mm; sourceTree = "<group>"; };
		1E4AFEB525E00F4700213810 /* Canvas.mm */ = {isa = PBXFileReference; fileEncoding = 4; lastKnownFileType = sourcecode.cpp.objcpp; path = Canvas.mm; sourceTree = "<group>"; };
		1E4AFEB625E00F4700213810 /* HspView.mm */ = {isa = PBXFileReference; fileEncoding = 4; lastKnownFileType = sourcecode.cpp.objcpp; path = HspView.mm; sourceTree = "<group>"; };
		1E4AFEB825E00F4700213810 /* iOSBridge.mm */ = {isa = PBXFileReference; fileEncoding = 4; lastKnownFileType = sourcecode.cpp.objcpp; path = iOSBridge.mm; sourceTree = "<group>"; };
		1E4AFEB925E00F4700213810 /* HspViewController.h */ = {isa = PBXFileReference; fileEncoding = 4; lastKnownFileType = sourcecode.c.h; path = HspViewController.h; sourceTree = "<group>"; };
		1E4AFEBA25E00F4700213810 /* HspView.h */ = {isa = PBXFileReference; fileEncoding = 4; lastKnownFileType = sourcecode.c.h; path = HspView.h; sourceTree = "<group>"; };
		1E4AFEBC25E00F4700213810 /* Graphics.mm */ = {isa = PBXFileReference; fileEncoding = 4; lastKnownFileType = sourcecode.cpp.objcpp; path = Graphics.mm; sourceTree = "<group>"; };
		1E4AFEBD25E00F4700213810 /* Graphics.h */ = {isa = PBXFileReference; fileEncoding = 4; lastKnownFileType = sourcecode.c.h; path = Graphics.h; sourceTree = "<group>"; };
		1E4AFEBE25E00F4700213810 /* Canvas.h */ = {isa = PBXFileReference; fileEncoding = 4; lastKnownFileType = sourcecode.c.h; path = Canvas.h; sourceTree = "<group>"; };
		1E4AFEBF25E00F4700213810 /* Image.h */ = {isa = PBXFileReference; fileEncoding = 4; lastKnownFileType = sourcecode.c.h; path = Image.h; sourceTree = "<group>"; };
		1E4AFEC125E00F4700213810 /* misc.h */ = {isa = PBXFileReference; fileEncoding = 4; lastKnownFileType = sourcecode.c.h; path = misc.h; sourceTree = "<group>"; };
		1E4AFEC225E00F4700213810 /* hsp3code.cpp */ = {isa = PBXFileReference; fileEncoding = 4; lastKnownFileType = sourcecode.cpp.cpp; path = hsp3code.cpp; sourceTree = "<group>"; };
		1E4AFEC325E00F4700213810 /* hspvar_util.h */ = {isa = PBXFileReference; fileEncoding = 4; lastKnownFileType = sourcecode.c.h; path = hspvar_util.h; sourceTree = "<group>"; };
		1E4AFEC425E00F4700213810 /* hsp3embed.h */ = {isa = PBXFileReference; fileEncoding = 4; lastKnownFileType = sourcecode.c.h; path = hsp3embed.h; sourceTree = "<group>"; };
		1E4AFEC525E00F4700213810 /* hsp3r.cpp */ = {isa = PBXFileReference; fileEncoding = 4; lastKnownFileType = sourcecode.cpp.cpp; path = hsp3r.cpp; sourceTree = "<group>"; };
		1E4AFEC625E00F4700213810 /* hsp3embed.cpp */ = {isa = PBXFileReference; fileEncoding = 4; lastKnownFileType = sourcecode.cpp.cpp; path = hsp3embed.cpp; sourceTree = "<group>"; };
		1E4AFEC725E00F4700213810 /* misc.mm */ = {isa = PBXFileReference; fileEncoding = 4; lastKnownFileType = sourcecode.cpp.objcpp; path = misc.mm; sourceTree = "<group>"; };
		1E4AFEC825E00F4700213810 /* hspvar_util.cpp */ = {isa = PBXFileReference; fileEncoding = 4; lastKnownFileType = sourcecode.cpp.cpp; path = hspvar_util.cpp; sourceTree = "<group>"; };
		1E4AFEC925E00F4700213810 /* hsp3r.h */ = {isa = PBXFileReference; fileEncoding = 4; lastKnownFileType = sourcecode.c.h; path = hsp3r.h; sourceTree = "<group>"; };
		1E4AFECB25E00F4700213810 /* hsp3int.cpp */ = {isa = PBXFileReference; fileEncoding = 4; lastKnownFileType = sourcecode.cpp.cpp; path = hsp3int.cpp; sourceTree = "<group>"; };
		1E4AFECC25E00F4700213810 /* strbuf.h */ = {isa = PBXFileReference; fileEncoding = 4; lastKnownFileType = sourcecode.c.h; path = strbuf.h; sourceTree = "<group>"; };
		1E4AFECD25E00F4700213810 /* hspwnd_dish.cpp */ = {isa = PBXFileReference; fileEncoding = 4; lastKnownFileType = sourcecode.cpp.cpp; path = hspwnd_dish.cpp; sourceTree = "<group>"; };
		1E4AFECE25E00F4700213810 /* hspvar_str.cpp */ = {isa = PBXFileReference; fileEncoding = 4; lastKnownFileType = sourcecode.cpp.cpp; path = hspvar_str.cpp; sourceTree = "<group>"; };
		1E4AFECF25E00F4700213810 /* hspwnd_edit.cpp */ = {isa = PBXFileReference; fileEncoding = 4; lastKnownFileType = sourcecode.cpp.cpp; path = hspwnd_edit.cpp; sourceTree = "<group>"; };
		1E4AFED025E00F4700213810 /* geometry.cpp */ = {isa = PBXFileReference; fileEncoding = 4; lastKnownFileType = sourcecode.cpp.cpp; path = geometry.cpp; sourceTree = "<group>"; };
		1E4AFED125E00F4700213810 /* dpmread.cpp */ = {isa = PBXFileReference; fileEncoding = 4; lastKnownFileType = sourcecode.cpp.cpp; path = dpmread.cpp; sourceTree = "<group>"; };
		1E4AFED325E00F4700213810 /* hsp3dw.cpp */ = {isa = PBXFileReference; fileEncoding = 4; lastKnownFileType = sourcecode.cpp.cpp; path = hsp3dw.cpp; sourceTree = "<group>"; };
		1E4AFED425E00F4700213810 /* omkedraw.cpp */ = {isa = PBXFileReference; fileEncoding = 4; lastKnownFileType = sourcecode.cpp.cpp; path = omkedraw.cpp; sourceTree = "<group>"; };
		1E4AFED525E00F4700213810 /* game.h */ = {isa = PBXFileReference; fileEncoding = 4; lastKnownFileType = sourcecode.c.h; path = game.h; sourceTree = "<group>"; };
		1E4AFED625E00F4700213810 /* omkedraw.h */ = {isa = PBXFileReference; fileEncoding = 4; lastKnownFileType = sourcecode.c.h; path = omkedraw.h; sourceTree = "<group>"; };
		1E4AFED725E00F4700213810 /* hsp3dw.h */ = {isa = PBXFileReference; fileEncoding = 4; lastKnownFileType = sourcecode.c.h; path = hsp3dw.h; sourceTree = "<group>"; };
		1E4AFED825E00F4700213810 /* game.cpp */ = {isa = PBXFileReference; fileEncoding = 4; lastKnownFileType = sourcecode.cpp.cpp; path = game.cpp; sourceTree = "<group>"; };
		1E4AFED925E00F4700213810 /* essprite.cpp */ = {isa = PBXFileReference; fileEncoding = 4; lastKnownFileType = sourcecode.cpp.cpp; path = essprite.cpp; sourceTree = "<group>"; };
		1E4AFEDA25E00F4700213810 /* hsp3int.h */ = {isa = PBXFileReference; fileEncoding = 4; lastKnownFileType = sourcecode.c.h; path = hsp3int.h; sourceTree = "<group>"; };
		1E4AFEDB25E00F4700213810 /* hsp3code.h */ = {isa = PBXFileReference; fileEncoding = 4; lastKnownFileType = sourcecode.c.h; path = hsp3code.h; sourceTree = "<group>"; };
		1E4AFEDC25E00F4700213810 /* hspvar_double.cpp */ = {isa = PBXFileReference; fileEncoding = 4; lastKnownFileType = sourcecode.cpp.cpp; path = hspvar_double.cpp; sourceTree = "<group>"; };
		1E4AFEDD25E00F4700213810 /* strbuf.cpp */ = {isa = PBXFileReference; fileEncoding = 4; lastKnownFileType = sourcecode.cpp.cpp; path = strbuf.cpp; sourceTree = "<group>"; };
		1E4AFEDE25E00F4700213810 /* hgio.h */ = {isa = PBXFileReference; fileEncoding = 4; lastKnownFileType = sourcecode.c.h; path = hgio.h; sourceTree = "<group>"; };
		1E4AFEDF25E00F4700213810 /* random.cpp */ = {isa = PBXFileReference; fileEncoding = 4; lastKnownFileType = sourcecode.cpp.cpp; path = random.cpp; sourceTree = "<group>"; };
		1E4AFEE025E00F4700213810 /* texmes.h */ = {isa = PBXFileReference; fileEncoding = 4; lastKnownFileType = sourcecode.c.h; path = texmes.h; sourceTree = "<group>"; };
		1E4AFEE125E00F4700213810 /* hspwnd_dish.h */ = {isa = PBXFileReference; fileEncoding = 4; lastKnownFileType = sourcecode.c.h; path = hspwnd_dish.h; sourceTree = "<group>"; };
		1E4AFEE225E00F4700213810 /* sysreq.cpp */ = {isa = PBXFileReference; fileEncoding = 4; lastKnownFileType = sourcecode.cpp.cpp; path = sysreq.cpp; sourceTree = "<group>"; };
		1E4AFEE325E00F4700213810 /* hspwnd.h */ = {isa = PBXFileReference; fileEncoding = 4; lastKnownFileType = sourcecode.c.h; path = hspwnd.h; sourceTree = "<group>"; };
		1E4AFEE425E00F4700213810 /* hsp3debug.h */ = {isa = PBXFileReference; fileEncoding = 4; lastKnownFileType = sourcecode.c.h; path = hsp3debug.h; sourceTree = "<group>"; };
		1E4AFEE525E00F4700213810 /* stack.cpp */ = {isa = PBXFileReference; fileEncoding = 4; lastKnownFileType = sourcecode.cpp.cpp; path = stack.cpp; sourceTree = "<group>"; };
		1E4AFEE625E00F4700213810 /* hspvar_label.cpp */ = {isa = PBXFileReference; fileEncoding = 4; lastKnownFileType = sourcecode.cpp.cpp; path = hspvar_label.cpp; sourceTree = "<group>"; };
		1E4AFEE825E00F4700213810 /* stb_image.c */ = {isa = PBXFileReference; fileEncoding = 4; lastKnownFileType = sourcecode.c.c; path = stb_image.c; sourceTree = "<group>"; };
		1E4AFEE925E00F4700213810 /* mmman.h */ = {isa = PBXFileReference; fileEncoding = 4; lastKnownFileType = sourcecode.c.h; path = mmman.h; sourceTree = "<group>"; };
		1E4AFEEA25E00F4700213810 /* hsp3ext_ios.cpp */ = {isa = PBXFileReference; fileEncoding = 4; lastKnownFileType = sourcecode.cpp.cpp; path = hsp3ext_ios.cpp; sourceTree = "<group>"; };
		1E4AFEEB25E00F4700213810 /* fontsystem.cpp */ = {isa = PBXFileReference; fileEncoding = 4; lastKnownFileType = sourcecode.cpp.cpp; path = fontsystem.cpp; sourceTree = "<group>"; };
		1E4AFEEC25E00F4700213810 /* supio_ios.cpp */ = {isa = PBXFileReference; fileEncoding = 4; lastKnownFileType = sourcecode.cpp.cpp; path = supio_ios.cpp; sourceTree = "<group>"; };
		1E4AFEED25E00F4700213810 /* fontsystem.h */ = {isa = PBXFileReference; fileEncoding = 4; lastKnownFileType = sourcecode.c.h; path = fontsystem.h; sourceTree = "<group>"; };
		1E4AFEEE25E00F4700213810 /* hgiox.h */ = {isa = PBXFileReference; fileEncoding = 4; lastKnownFileType = sourcecode.c.h; path = hgiox.h; sourceTree = "<group>"; };
		1E4AFEEF25E00F4700213810 /* font_data.h */ = {isa = PBXFileReference; fileEncoding = 4; lastKnownFileType = sourcecode.c.h; path = font_data.h; sourceTree = "<group>"; };
		1E4AFEF025E00F4700213810 /* webtask_ios.h */ = {isa = PBXFileReference; fileEncoding = 4; lastKnownFileType = sourcecode.c.h; path = webtask_ios.h; sourceTree = "<group>"; };
		1E4AFEF125E00F4700213810 /* mmman.mm */ = {isa = PBXFileReference; fileEncoding = 4; lastKnownFileType = sourcecode.cpp.objcpp; path = mmman.mm; sourceTree = "<group>"; };
		1E4AFEF225E00F4700213810 /* hsp3ext_ios.h */ = {isa = PBXFileReference; fileEncoding = 4; lastKnownFileType = sourcecode.c.h; path = hsp3ext_ios.h; sourceTree = "<group>"; };
		1E4AFEF325E00F4700213810 /* stb_image.h */ = {isa = PBXFileReference; fileEncoding = 4; lastKnownFileType = sourcecode.c.h; path = stb_image.h; sourceTree = "<group>"; };
		1E4AFEF425E00F4700213810 /* supio_ios.h */ = {isa = PBXFileReference; fileEncoding = 4; lastKnownFileType = sourcecode.c.h; path = supio_ios.h; sourceTree = "<group>"; };
		1E4AFEF525E00F4700213810 /* appengine.h */ = {isa = PBXFileReference; fileEncoding = 4; lastKnownFileType = sourcecode.c.h; path = appengine.h; sourceTree = "<group>"; };
		1E4AFEF625E00F4700213810 /* hgtex.cpp */ = {isa = PBXFileReference; fileEncoding = 4; lastKnownFileType = sourcecode.cpp.cpp; path = hgtex.cpp; sourceTree = "<group>"; };
		1E4AFEF725E00F4700213810 /* hgtex.h */ = {isa = PBXFileReference; fileEncoding = 4; lastKnownFileType = sourcecode.c.h; path = hgtex.h; sourceTree = "<group>"; };
		1E4AFEF825E00F4700213810 /* hgiox.cpp */ = {isa = PBXFileReference; fileEncoding = 4; lastKnownFileType = sourcecode.cpp.cpp; path = hgiox.cpp; sourceTree = "<group>"; };
		1E4AFEF925E00F4700213810 /* webtask_ios.cpp */ = {isa = PBXFileReference; fileEncoding = 4; lastKnownFileType = sourcecode.cpp.cpp; path = webtask_ios.cpp; sourceTree = "<group>"; };
		1E4AFEFA25E00F4700213810 /* hsp3gr_dish.h */ = {isa = PBXFileReference; fileEncoding = 4; lastKnownFileType = sourcecode.c.h; path = hsp3gr_dish.h; sourceTree = "<group>"; };
		1E4AFF0D25E00F4700213810 /* dpmread.h */ = {isa = PBXFileReference; fileEncoding = 4; lastKnownFileType = sourcecode.c.h; path = dpmread.h; sourceTree = "<group>"; };
		1E4AFF0E25E00F4700213810 /* hspvar_int.cpp */ = {isa = PBXFileReference; fileEncoding = 4; lastKnownFileType = sourcecode.cpp.cpp; path = hspvar_int.cpp; sourceTree = "<group>"; };
		1E4AFF0F25E00F4700213810 /* strnote.cpp */ = {isa = PBXFileReference; fileEncoding = 4; lastKnownFileType = sourcecode.cpp.cpp; path = strnote.cpp; sourceTree = "<group>"; };
		1E4AFF1025E00F4700213810 /* hspvar_core.cpp */ = {isa = PBXFileReference; fileEncoding = 4; lastKnownFileType = sourcecode.cpp.cpp; path = hspvar_core.cpp; sourceTree = "<group>"; };
		1E4AFF1125E00F4700213810 /* hsp3debug.cpp */ = {isa = PBXFileReference; fileEncoding = 4; lastKnownFileType = sourcecode.cpp.cpp; path = hsp3debug.cpp; sourceTree = "<group>"; };
		1E4AFF1225E00F4700213810 /* hsp3ext.h */ = {isa = PBXFileReference; fileEncoding = 4; lastKnownFileType = sourcecode.c.h; path = hsp3ext.h; sourceTree = "<group>"; };
		1E4AFF1325E00F4700213810 /* hsp3gr_dish.cpp */ = {isa = PBXFileReference; fileEncoding = 4; lastKnownFileType = sourcecode.cpp.cpp; path = hsp3gr_dish.cpp; sourceTree = "<group>"; };
		1E4AFF1425E00F4700213810 /* strnote.h */ = {isa = PBXFileReference; fileEncoding = 4; lastKnownFileType = sourcecode.c.h; path = strnote.h; sourceTree = "<group>"; };
		1E4AFF1525E00F4700213810 /* hspwnd_obj.cpp */ = {isa = PBXFileReference; fileEncoding = 4; lastKnownFileType = sourcecode.cpp.cpp; path = hspwnd_obj.cpp; sourceTree = "<group>"; };
		1E4AFF1625E00F4700213810 /* stack.h */ = {isa = PBXFileReference; fileEncoding = 4; lastKnownFileType = sourcecode.c.h; path = stack.h; sourceTree = "<group>"; };
		1E4AFF1725E00F4700213810 /* essprite.h */ = {isa = PBXFileReference; fileEncoding = 4; lastKnownFileType = sourcecode.c.h; path = essprite.h; sourceTree = "<group>"; };
		1E4AFF1825E00F4700213810 /* hsp3config.h */ = {isa = PBXFileReference; fileEncoding = 4; lastKnownFileType = sourcecode.c.h; path = hsp3config.h; sourceTree = "<group>"; };
		1E4AFF1925E00F4700213810 /* hsp3gr.h */ = {isa = PBXFileReference; fileEncoding = 4; lastKnownFileType = sourcecode.c.h; path = hsp3gr.h; sourceTree = "<group>"; };
		1E4AFF1A25E00F4700213810 /* texmes.cpp */ = {isa = PBXFileReference; fileEncoding = 4; lastKnownFileType = sourcecode.cpp.cpp; path = texmes.cpp; sourceTree = "<group>"; };
		1E4AFF1B25E00F4700213810 /* hspvar_struct.cpp */ = {isa = PBXFileReference; fileEncoding = 4; lastKnownFileType = sourcecode.cpp.cpp; path = hspvar_struct.cpp; sourceTree = "<group>"; };
		1E4AFF1C25E00F4700213810 /* sysreq.h */ = {isa = PBXFileReference; fileEncoding = 4; lastKnownFileType = sourcecode.c.h; path = sysreq.h; sourceTree = "<group>"; };
		1E4AFF1D25E00F4700213810 /* hspvar_label.h */ = {isa = PBXFileReference; fileEncoding = 4; lastKnownFileType = sourcecode.c.h; path = hspvar_label.h; sourceTree = "<group>"; };
		1E4AFF1E25E00F4700213810 /* supio.h */ = {isa = PBXFileReference; fileEncoding = 4; lastKnownFileType = sourcecode.c.h; path = supio.h; sourceTree = "<group>"; };
		1E4AFF1F25E00F4700213810 /* random.h */ = {isa = PBXFileReference; fileEncoding = 4; lastKnownFileType = sourcecode.c.h; path = random.h; sourceTree = "<group>"; };
		1E4AFF2025E00F4700213810 /* hspvar_core.h */ = {isa = PBXFileReference; fileEncoding = 4; lastKnownFileType = sourcecode.c.h; path = hspvar_core.h; sourceTree = "<group>"; };
		1E4AFF2125E00F4700213810 /* geometry.h */ = {isa = PBXFileReference; fileEncoding = 4; lastKnownFileType = sourcecode.c.h; path = geometry.h; sourceTree = "<group>"; };
		1E4AFF2225E00F4700213810 /* hsp3struct.h */ = {isa = PBXFileReference; fileEncoding = 4; lastKnownFileType = sourcecode.c.h; path = hsp3struct.h; sourceTree = "<group>"; };
		1E4AFF2325E00F4700213810 /* webtask.h */ = {isa = PBXFileReference; fileEncoding = 4; lastKnownFileType = sourcecode.c.h; path = webtask.h; sourceTree = "<group>"; };
		1E4AFF5C25E00FCA00213810 /* iOSgpBridge.h */ = {isa = PBXFileReference; fileEncoding = 4; lastKnownFileType = sourcecode.c.h; path = iOSgpBridge.h; sourceTree = "<group>"; };
		1E63B6F2185B17B600E311DC /* ja */ = {isa = PBXFileReference; lastKnownFileType = text.plist.strings; name = ja; path = ja.lproj/InfoPlist.strings; sourceTree = "<group>"; };
		1E6849621859C5D200603D88 /* hspsource.cpp */ = {isa = PBXFileReference; fileEncoding = 4; lastKnownFileType = sourcecode.cpp.cpp; path = hspsource.cpp; sourceTree = "<group>"; };
		1EA5558C189A462D00344013 /* icon57.png */ = {isa = PBXFileReference; lastKnownFileType = image.png; path = icon57.png; sourceTree = "<group>"; };
		1EA5558D189A462D00344013 /* icon58.png */ = {isa = PBXFileReference; lastKnownFileType = image.png; path = icon58.png; sourceTree = "<group>"; };
		1EA5558E189A462D00344013 /* icon120.png */ = {isa = PBXFileReference; lastKnownFileType = image.png; path = icon120.png; sourceTree = "<group>"; };
/* End PBXFileReference section */

/* Begin PBXFrameworksBuildPhase section */
		1E480DA81859C4540052A2F2 /* Frameworks */ = {
			isa = PBXFrameworksBuildPhase;
			buildActionMask = 2147483647;
			files = (
				1E480DE21859C4A60052A2F2 /* AudioToolbox.framework in Frameworks */,
				1E480DE31859C4A60052A2F2 /* iAd.framework in Frameworks */,
				1E480DE41859C4A60052A2F2 /* OpenAL.framework in Frameworks */,
				1E480DE51859C4A60052A2F2 /* OpenGLES.framework in Frameworks */,
				1E480DE61859C4A60052A2F2 /* QuartzCore.framework in Frameworks */,
				1E480DB11859C4540052A2F2 /* CoreGraphics.framework in Frameworks */,
				1E480DB31859C4540052A2F2 /* UIKit.framework in Frameworks */,
				1E480DAF1859C4540052A2F2 /* Foundation.framework in Frameworks */,
			);
			runOnlyForDeploymentPostprocessing = 0;
		};
/* End PBXFrameworksBuildPhase section */

/* Begin PBXGroup section */
		1E480DA21859C4540052A2F2 = {
			isa = PBXGroup;
			children = (
				1E4AFEA625E00F4700213810 /* iHSP30 */,
				1E480DB41859C4540052A2F2 /* hspproj */,
				1E480DAD1859C4540052A2F2 /* Frameworks */,
				1E480DAC1859C4540052A2F2 /* Products */,
			);
			sourceTree = "<group>";
		};
		1E480DAC1859C4540052A2F2 /* Products */ = {
			isa = PBXGroup;
			children = (
				1E480DAB1859C4540052A2F2 /* hspproj.app */,
			);
			name = Products;
			sourceTree = "<group>";
		};
		1E480DAD1859C4540052A2F2 /* Frameworks */ = {
			isa = PBXGroup;
			children = (
				1E480DDD1859C4A60052A2F2 /* AudioToolbox.framework */,
				1E480DDE1859C4A60052A2F2 /* iAd.framework */,
				1E480DDF1859C4A60052A2F2 /* OpenAL.framework */,
				1E480DE01859C4A60052A2F2 /* OpenGLES.framework */,
				1E480DE11859C4A60052A2F2 /* QuartzCore.framework */,
				1E480DAE1859C4540052A2F2 /* Foundation.framework */,
				1E480DB01859C4540052A2F2 /* CoreGraphics.framework */,
				1E480DB21859C4540052A2F2 /* UIKit.framework */,
			);
			name = Frameworks;
			sourceTree = "<group>";
		};
		1E480DB41859C4540052A2F2 /* hspproj */ = {
			isa = PBXGroup;
			children = (
				1E0417D0189A70E5003F87D6 /* Default-568h@2x.png */,
				1E0417D1189A70E5003F87D6 /* Default.png */,
				1E0417D2189A70E5003F87D6 /* Default@2x.png */,
				1EA5558C189A462D00344013 /* icon57.png */,
				1EA5558D189A462D00344013 /* icon58.png */,
				1EA5558E189A462D00344013 /* icon120.png */,
				1E63B6F3185B189D00E311DC /* Resources */,
				1E6849621859C5D200603D88 /* hspsource.cpp */,
				1E480DBD1859C4540052A2F2 /* AppDelegate.h */,
				1E480DBE1859C4540052A2F2 /* AppDelegate.m */,
				1E480DB51859C4540052A2F2 /* Supporting Files */,
			);
			path = hspproj;
			sourceTree = "<group>";
		};
		1E480DB51859C4540052A2F2 /* Supporting Files */ = {
			isa = PBXGroup;
			children = (
				1E480DB61859C4540052A2F2 /* hspproj-Info.plist */,
				1E480DB71859C4540052A2F2 /* InfoPlist.strings */,
				1E480DBA1859C4540052A2F2 /* main.m */,
				1E480DBC1859C4540052A2F2 /* hspproj-Prefix.pch */,
			);
			name = "Supporting Files";
			sourceTree = "<group>";
		};
		1E4AFEA625E00F4700213810 /* iHSP30 */ = {
			isa = PBXGroup;
			children = (
				1E4AFEA725E00F4700213810 /* obaq */,
				1E4AFEB025E00F4700213810 /* Classes */,
				1E4AFEC025E00F4700213810 /* hsp3embed */,
				1E4AFECA25E00F4700213810 /* hsp3 */,
			);
			name = iHSP30;
			path = ../iHSP30;
			sourceTree = "<group>";
		};
		1E4AFEA725E00F4700213810 /* obaq */ = {
			isa = PBXGroup;
			children = (
				1E4AFEA825E00F4700213810 /* physics */,
			);
			path = obaq;
			sourceTree = "<group>";
		};
		1E4AFEA825E00F4700213810 /* physics */ = {
			isa = PBXGroup;
			children = (
				1E4AFEA925E00F4700213810 /* vessel.cpp */,
				1E4AFEAA25E00F4700213810 /* OBAQlicense.txt */,
				1E4AFEAB25E00F4700213810 /* rock.h */,
				1E4AFEAC25E00F4700213810 /* gamePhysics.h */,
				1E4AFEAD25E00F4700213810 /* vessel.h */,
				1E4AFEAE25E00F4700213810 /* rock.cpp */,
				1E4AFEAF25E00F4700213810 /* ptttypes.h */,
			);
			path = physics;
			sourceTree = "<group>";
		};
		1E4AFEB025E00F4700213810 /* Classes */ = {
			isa = PBXGroup;
			children = (
				1E4AFF5C25E00FCA00213810 /* iOSgpBridge.h */,
				1E4AFEB225E00F4700213810 /* HspViewController.mm */,
				1E4AFEB325E00F4700213810 /* iOSBridge.h */,
				1E4AFEB425E00F4700213810 /* Image.mm */,
				1E4AFEB525E00F4700213810 /* Canvas.mm */,
				1E4AFEB625E00F4700213810 /* HspView.mm */,
				1E4AFEB825E00F4700213810 /* iOSBridge.mm */,
				1E4AFEB925E00F4700213810 /* HspViewController.h */,
				1E4AFEBA25E00F4700213810 /* HspView.h */,
				1E4AFEBC25E00F4700213810 /* Graphics.mm */,
				1E4AFEBD25E00F4700213810 /* Graphics.h */,
				1E4AFEBE25E00F4700213810 /* Canvas.h */,
				1E4AFEBF25E00F4700213810 /* Image.h */,
			);
			path = Classes;
			sourceTree = "<group>";
		};
		1E4AFEC025E00F4700213810 /* hsp3embed */ = {
			isa = PBXGroup;
			children = (
				1E4AFEC125E00F4700213810 /* misc.h */,
				1E4AFEC225E00F4700213810 /* hsp3code.cpp */,
				1E4AFEC325E00F4700213810 /* hspvar_util.h */,
				1E4AFEC425E00F4700213810 /* hsp3embed.h */,
				1E4AFEC525E00F4700213810 /* hsp3r.cpp */,
				1E4AFEC625E00F4700213810 /* hsp3embed.cpp */,
				1E4AFEC725E00F4700213810 /* misc.mm */,
				1E4AFEC825E00F4700213810 /* hspvar_util.cpp */,
				1E4AFEC925E00F4700213810 /* hsp3r.h */,
			);
			path = hsp3embed;
			sourceTree = "<group>";
		};
		1E4AFECA25E00F4700213810 /* hsp3 */ = {
			isa = PBXGroup;
			children = (
				1E4AFECB25E00F4700213810 /* hsp3int.cpp */,
				1E4AFECC25E00F4700213810 /* strbuf.h */,
				1E4AFECD25E00F4700213810 /* hspwnd_dish.cpp */,
				1E4AFECE25E00F4700213810 /* hspvar_str.cpp */,
				1E4AFECF25E00F4700213810 /* hspwnd_edit.cpp */,
				1E4AFED025E00F4700213810 /* geometry.cpp */,
				1E4AFED125E00F4700213810 /* dpmread.cpp */,
				1E4AFED225E00F4700213810 /* obaq */,
				1E4AFED925E00F4700213810 /* essprite.cpp */,
				1E4AFEDA25E00F4700213810 /* hsp3int.h */,
				1E4AFEDB25E00F4700213810 /* hsp3code.h */,
				1E4AFEDC25E00F4700213810 /* hspvar_double.cpp */,
				1E4AFEDD25E00F4700213810 /* strbuf.cpp */,
				1E4AFEDE25E00F4700213810 /* hgio.h */,
				1E4AFEDF25E00F4700213810 /* random.cpp */,
				1E4AFEE025E00F4700213810 /* texmes.h */,
				1E4AFEE125E00F4700213810 /* hspwnd_dish.h */,
				1E4AFEE225E00F4700213810 /* sysreq.cpp */,
				1E4AFEE325E00F4700213810 /* hspwnd.h */,
				1E4AFEE425E00F4700213810 /* hsp3debug.h */,
				1E4AFEE525E00F4700213810 /* stack.cpp */,
				1E4AFEE625E00F4700213810 /* hspvar_label.cpp */,
				1E4AFEE725E00F4700213810 /* ios */,
				1E4AFEFA25E00F4700213810 /* hsp3gr_dish.h */,
				1E4AFF0D25E00F4700213810 /* dpmread.h */,
				1E4AFF0E25E00F4700213810 /* hspvar_int.cpp */,
				1E4AFF0F25E00F4700213810 /* strnote.cpp */,
				1E4AFF1025E00F4700213810 /* hspvar_core.cpp */,
				1E4AFF1125E00F4700213810 /* hsp3debug.cpp */,
				1E4AFF1225E00F4700213810 /* hsp3ext.h */,
				1E4AFF1325E00F4700213810 /* hsp3gr_dish.cpp */,
				1E4AFF1425E00F4700213810 /* strnote.h */,
				1E4AFF1525E00F4700213810 /* hspwnd_obj.cpp */,
				1E4AFF1625E00F4700213810 /* stack.h */,
				1E4AFF1725E00F4700213810 /* essprite.h */,
				1E4AFF1825E00F4700213810 /* hsp3config.h */,
				1E4AFF1925E00F4700213810 /* hsp3gr.h */,
				1E4AFF1A25E00F4700213810 /* texmes.cpp */,
				1E4AFF1B25E00F4700213810 /* hspvar_struct.cpp */,
				1E4AFF1C25E00F4700213810 /* sysreq.h */,
				1E4AFF1D25E00F4700213810 /* hspvar_label.h */,
				1E4AFF1E25E00F4700213810 /* supio.h */,
				1E4AFF1F25E00F4700213810 /* random.h */,
				1E4AFF2025E00F4700213810 /* hspvar_core.h */,
				1E4AFF2125E00F4700213810 /* geometry.h */,
				1E4AFF2225E00F4700213810 /* hsp3struct.h */,
				1E4AFF2325E00F4700213810 /* webtask.h */,
			);
			path = hsp3;
			sourceTree = "<group>";
		};
		1E4AFED225E00F4700213810 /* obaq */ = {
			isa = PBXGroup;
			children = (
				1E4AFED325E00F4700213810 /* hsp3dw.cpp */,
				1E4AFED425E00F4700213810 /* omkedraw.cpp */,
				1E4AFED525E00F4700213810 /* game.h */,
				1E4AFED625E00F4700213810 /* omkedraw.h */,
				1E4AFED725E00F4700213810 /* hsp3dw.h */,
				1E4AFED825E00F4700213810 /* game.cpp */,
			);
			path = obaq;
			sourceTree = "<group>";
		};
		1E4AFEE725E00F4700213810 /* ios */ = {
			isa = PBXGroup;
			children = (
				1E4AFEE825E00F4700213810 /* stb_image.c */,
				1E4AFEE925E00F4700213810 /* mmman.h */,
				1E4AFEEA25E00F4700213810 /* hsp3ext_ios.cpp */,
				1E4AFEEB25E00F4700213810 /* fontsystem.cpp */,
				1E4AFEEC25E00F4700213810 /* supio_ios.cpp */,
				1E4AFEED25E00F4700213810 /* fontsystem.h */,
				1E4AFEEE25E00F4700213810 /* hgiox.h */,
				1E4AFEEF25E00F4700213810 /* font_data.h */,
				1E4AFEF025E00F4700213810 /* webtask_ios.h */,
				1E4AFEF125E00F4700213810 /* mmman.mm */,
				1E4AFEF225E00F4700213810 /* hsp3ext_ios.h */,
				1E4AFEF325E00F4700213810 /* stb_image.h */,
				1E4AFEF425E00F4700213810 /* supio_ios.h */,
				1E4AFEF525E00F4700213810 /* appengine.h */,
				1E4AFEF625E00F4700213810 /* hgtex.cpp */,
				1E4AFEF725E00F4700213810 /* hgtex.h */,
				1E4AFEF825E00F4700213810 /* hgiox.cpp */,
				1E4AFEF925E00F4700213810 /* webtask_ios.cpp */,
			);
			path = ios;
			sourceTree = "<group>";
		};
		1E63B6F3185B189D00E311DC /* Resources */ = {
			isa = PBXGroup;
			children = (
			);
			path = Resources;
			sourceTree = "<group>";
		};
/* End PBXGroup section */

/* Begin PBXNativeTarget section */
		1E480DAA1859C4540052A2F2 /* grotate */ = {
			isa = PBXNativeTarget;
			buildConfigurationList = 1E480DD71859C4540052A2F2 /* Build configuration list for PBXNativeTarget "grotate" */;
			buildPhases = (
				1E480DA71859C4540052A2F2 /* Sources */,
				1E480DA81859C4540052A2F2 /* Frameworks */,
				1E480DA91859C4540052A2F2 /* Resources */,
			);
			buildRules = (
			);
			dependencies = (
			);
			name = hspproj;
			productName = hspproj;
			productReference = 1E480DAB1859C4540052A2F2 /* hspproj.app */;
			productType = "com.apple.product-type.application";
		};
/* End PBXNativeTarget section */

/* Begin PBXProject section */
		1E480DA31859C4540052A2F2 /* Project object */ = {
			isa = PBXProject;
			attributes = {
				LastUpgradeCheck = 0500;
				ORGANIZATIONNAME = hsp3dish;
				TargetAttributes = {
					1E480DAA1859C4540052A2F2 = {
						DevelopmentTeam = 5FH2J53M7P;
						ProvisioningStyle = Automatic;
					};
				};
			};
			buildConfigurationList = 1E480DA61859C4540052A2F2 /* Build configuration list for PBXProject "hspproj" */;
			compatibilityVersion = "Xcode 3.2";
			developmentRegion = English;
			hasScannedForEncodings = 0;
			knownRegions = (
				English,
				en,
				ja,
			);
			mainGroup = 1E480DA21859C4540052A2F2;
			productRefGroup = 1E480DAC1859C4540052A2F2 /* Products */;
			projectDirPath = "";
			projectRoot = "";
			targets = (
				1E480DAA1859C4540052A2F2 /* grotate */,
			);
		};
/* End PBXProject section */

/* Begin PBXResourcesBuildPhase section */
		1E480DA91859C4540052A2F2 /* Resources */ = {
			isa = PBXResourcesBuildPhase;
			buildActionMask = 2147483647;
			files = (
				1EA55590189A462D00344013 /* icon58.png in Resources */,
				1E0417D4189A70E5003F87D6 /* Default.png in Resources */,
				1EA5558F189A462D00344013 /* icon57.png in Resources */,
				1E4AFF2525E00F4700213810 /* OBAQlicense.txt in Resources */,
				1EA55591189A462D00344013 /* icon120.png in Resources */,
				1E0417D3189A70E5003F87D6 /* Default-568h@2x.png in Resources */,
				1E0417D5189A70E5003F87D6 /* Default@2x.png in Resources */,
				1E480DB91859C4540052A2F2 /* InfoPlist.strings in Resources */,
			);
			runOnlyForDeploymentPostprocessing = 0;
		};
/* End PBXResourcesBuildPhase section */

/* Begin PBXSourcesBuildPhase section */
		1E480DA71859C4540052A2F2 /* Sources */ = {
			isa = PBXSourcesBuildPhase;
			buildActionMask = 2147483647;
			files = (
				1E4AFF4725E00F4700213810 /* supio_ios.cpp in Sources */,
				1E4AFF2F25E00F4700213810 /* hsp3code.cpp in Sources */,
				1E4AFF4925E00F4700213810 /* hgtex.cpp in Sources */,
				1E4AFF4825E00F4700213810 /* mmman.mm in Sources */,
				1E4AFF5A25E00F4700213810 /* texmes.cpp in Sources */,
				1E4AFF4525E00F4700213810 /* hsp3ext_ios.cpp in Sources */,
				1E4AFF4125E00F4700213810 /* sysreq.cpp in Sources */,
				1E4AFF5725E00F4700213810 /* hsp3debug.cpp in Sources */,
				1E4AFF3C25E00F4700213810 /* game.cpp in Sources */,
				1E4AFF2A25E00F4700213810 /* HspView.mm in Sources */,
				1E4AFF3D25E00F4700213810 /* essprite.cpp in Sources */,
				1E4AFF4025E00F4700213810 /* random.cpp in Sources */,
				1E4AFF3B25E00F4700213810 /* omkedraw.cpp in Sources */,
				1E480DBF1859C4540052A2F2 /* AppDelegate.m in Sources */,
				1E4AFF5525E00F4700213810 /* strnote.cpp in Sources */,
				1E4AFF3025E00F4700213810 /* hsp3r.cpp in Sources */,
				1E4AFF3425E00F4700213810 /* hsp3int.cpp in Sources */,
				1E4AFF3625E00F4700213810 /* hspvar_str.cpp in Sources */,
				1E4AFF5825E00F4700213810 /* hsp3gr_dish.cpp in Sources */,
				1E4AFF2E25E00F4700213810 /* Graphics.mm in Sources */,
				1E4AFF2425E00F4700213810 /* vessel.cpp in Sources */,
				1E4AFF3925E00F4700213810 /* dpmread.cpp in Sources */,
				1E6849631859C5D200603D88 /* hspsource.cpp in Sources */,
				1E4AFF2825E00F4700213810 /* Image.mm in Sources */,
				1E4AFF3A25E00F4700213810 /* hsp3dw.cpp in Sources */,
				1E4AFF5425E00F4700213810 /* hspvar_int.cpp in Sources */,
				1E4AFF4325E00F4700213810 /* hspvar_label.cpp in Sources */,
				1E4AFF3325E00F4700213810 /* hspvar_util.cpp in Sources */,
				1E4AFF4225E00F4700213810 /* stack.cpp in Sources */,
				1E4AFF5B25E00F4700213810 /* hspvar_struct.cpp in Sources */,
				1E4AFF4B25E00F4700213810 /* webtask_ios.cpp in Sources */,
				1E4AFF3525E00F4700213810 /* hspwnd_dish.cpp in Sources */,
				1E4AFF3125E00F4700213810 /* hsp3embed.cpp in Sources */,
				1E4AFF5625E00F4700213810 /* hspvar_core.cpp in Sources */,
				1E4AFF2625E00F4700213810 /* rock.cpp in Sources */,
				1E4AFF2925E00F4700213810 /* Canvas.mm in Sources */,
				1E4AFF3E25E00F4700213810 /* hspvar_double.cpp in Sources */,
				1E4AFF4425E00F4700213810 /* stb_image.c in Sources */,
				1E4AFF2725E00F4700213810 /* HspViewController.mm in Sources */,
				1E4AFF4625E00F4700213810 /* fontsystem.cpp in Sources */,
				1E4AFF3F25E00F4700213810 /* strbuf.cpp in Sources */,
				1E4AFF3825E00F4700213810 /* geometry.cpp in Sources */,
				1E480DBB1859C4540052A2F2 /* main.m in Sources */,
				1E4AFF4A25E00F4700213810 /* hgiox.cpp in Sources */,
				1E4AFF3725E00F4700213810 /* hspwnd_edit.cpp in Sources */,
				1E4AFF5925E00F4700213810 /* hspwnd_obj.cpp in Sources */,
				1E4AFF2C25E00F4700213810 /* iOSBridge.mm in Sources */,
				1E4AFF3225E00F4700213810 /* misc.mm in Sources */,
			);
			runOnlyForDeploymentPostprocessing = 0;
		};
/* End PBXSourcesBuildPhase section */

/* Begin PBXVariantGroup section */
		1E480DB71859C4540052A2F2 /* InfoPlist.strings */ = {
			isa = PBXVariantGroup;
			children = (
				1E480DB81859C4540052A2F2 /* en */,
				1E63B6F2185B17B600E311DC /* ja */,
			);
			name = InfoPlist.strings;
			sourceTree = "<group>";
		};
/* End PBXVariantGroup section */

/* Begin XCBuildConfiguration section */
		1E480DD51859C4540052A2F2 /* Debug */ = {
			isa = XCBuildConfiguration;
			buildSettings = {
				ALWAYS_SEARCH_USER_PATHS = NO;
				ARCHS = "$(ARCHS_STANDARD)";
				CLANG_CXX_LANGUAGE_STANDARD = "gnu++0x";
				CLANG_CXX_LIBRARY = "libc++";
				CLANG_ENABLE_MODULES = YES;
				CLANG_ENABLE_OBJC_ARC = YES;
				CLANG_WARN_BOOL_CONVERSION = YES;
				CLANG_WARN_CONSTANT_CONVERSION = YES;
				CLANG_WARN_DIRECT_OBJC_ISA_USAGE = YES_ERROR;
				CLANG_WARN_EMPTY_BODY = YES;
				CLANG_WARN_ENUM_CONVERSION = YES;
				CLANG_WARN_INT_CONVERSION = YES;
				CLANG_WARN_OBJC_ROOT_CLASS = YES_ERROR;
				CLANG_WARN__DUPLICATE_METHOD_MATCH = YES;
				CODE_SIGN_IDENTITY = "iPhone Developer";
				"CODE_SIGN_IDENTITY[sdk=iphoneos*]" = "iPhone Developer: Yasushi Takeda (WZR8TP57UZ)";
				COPY_PHASE_STRIP = NO;
				GCC_C_LANGUAGE_STANDARD = gnu99;
				GCC_DYNAMIC_NO_PIC = NO;
				GCC_OPTIMIZATION_LEVEL = 0;
				GCC_PREPROCESSOR_DEFINITIONS = (
					"DEBUG=1",
					"$(inherited)",
				);
				GCC_SYMBOLS_PRIVATE_EXTERN = NO;
				GCC_WARN_64_TO_32_BIT_CONVERSION = YES;
				GCC_WARN_ABOUT_RETURN_TYPE = YES_ERROR;
				GCC_WARN_UNDECLARED_SELECTOR = YES;
				GCC_WARN_UNINITIALIZED_AUTOS = YES;
				GCC_WARN_UNUSED_FUNCTION = YES;
				GCC_WARN_UNUSED_VARIABLE = YES;
				IPHONEOS_DEPLOYMENT_TARGET = 10.3;
				ONLY_ACTIVE_ARCH = YES;
				SDKROOT = iphoneos;
			};
			name = Debug;
		};
		1E480DD61859C4540052A2F2 /* Release */ = {
			isa = XCBuildConfiguration;
			buildSettings = {
				ALWAYS_SEARCH_USER_PATHS = NO;
				ARCHS = "$(ARCHS_STANDARD)";
				CLANG_CXX_LANGUAGE_STANDARD = "gnu++0x";
				CLANG_CXX_LIBRARY = "libc++";
				CLANG_ENABLE_MODULES = YES;
				CLANG_ENABLE_OBJC_ARC = YES;
				CLANG_WARN_BOOL_CONVERSION = YES;
				CLANG_WARN_CONSTANT_CONVERSION = YES;
				CLANG_WARN_DIRECT_OBJC_ISA_USAGE = YES_ERROR;
				CLANG_WARN_EMPTY_BODY = YES;
				CLANG_WARN_ENUM_CONVERSION = YES;
				CLANG_WARN_INT_CONVERSION = YES;
				CLANG_WARN_OBJC_ROOT_CLASS = YES_ERROR;
				CLANG_WARN__DUPLICATE_METHOD_MATCH = YES;
				CODE_SIGN_IDENTITY = "iPhone Developer";
				"CODE_SIGN_IDENTITY[sdk=iphoneos*]" = "iPhone Developer: Yasushi Takeda (WZR8TP57UZ)";
				COPY_PHASE_STRIP = YES;
				ENABLE_NS_ASSERTIONS = NO;
				GCC_C_LANGUAGE_STANDARD = gnu99;
				GCC_WARN_64_TO_32_BIT_CONVERSION = YES;
				GCC_WARN_ABOUT_RETURN_TYPE = YES_ERROR;
				GCC_WARN_UNDECLARED_SELECTOR = YES;
				GCC_WARN_UNINITIALIZED_AUTOS = YES;
				GCC_WARN_UNUSED_FUNCTION = YES;
				GCC_WARN_UNUSED_VARIABLE = YES;
				IPHONEOS_DEPLOYMENT_TARGET = 10.3;
				SDKROOT = iphoneos;
				VALIDATE_PRODUCT = YES;
			};
			name = Release;
		};
		1E480DD81859C4540052A2F2 /* Debug */ = {
			isa = XCBuildConfiguration;
			buildSettings = {
				ARCHS = "$(ARCHS_STANDARD)";
				CLANG_CXX_LANGUAGE_STANDARD = "compiler-default";
				CLANG_CXX_LIBRARY = "compiler-default";
				CLANG_ENABLE_MODULES = NO;
				CLANG_ENABLE_OBJC_ARC = NO;
				CODE_SIGN_IDENTITY = "iPhone Developer";
				CODE_SIGN_STYLE = Automatic;
				COMPRESS_PNG_FILES = NO;
				DEVELOPMENT_TEAM = 5FH2J53M7P;
				GCC_PRECOMPILE_PREFIX_HEADER = YES;
				GCC_PREFIX_HEADER = "hspproj/hspproj-Prefix.pch";
				GCC_PREPROCESSOR_DEFINITIONS = (
					"DEBUG=1",
					HSPIOS,
					HSPDISH,
					HSPEMBED,
					USE_OBAQ,
				);
				INFOPLIST_FILE = "hspproj/hspproj-Info.plist";
				IPHONEOS_DEPLOYMENT_TARGET = 10.0;
				LIBRARY_SEARCH_PATHS = (
					"$(inherited)",
					../iHSP27/lib,
				);
				ONLY_ACTIVE_ARCH = YES;
				PRODUCT_BUNDLE_IDENTIFIER = onionsoftware.hsptv.hspproj;
				PRODUCT_NAME = hspproj;
				PROVISIONING_PROFILE_SPECIFIER = "";
				TARGETED_DEVICE_FAMILY = "1,2";
				TVOS_DEPLOYMENT_TARGET = 12.0;
				VALID_ARCHS = "armv7 armv7s arm64";
				WRAPPER_EXTENSION = app;
			};
			name = Debug;
		};
		1E480DD91859C4540052A2F2 /* Release */ = {
			isa = XCBuildConfiguration;
			buildSettings = {
				ARCHS = "$(ARCHS_STANDARD)";
				CLANG_CXX_LANGUAGE_STANDARD = "compiler-default";
				CLANG_CXX_LIBRARY = "compiler-default";
				CLANG_ENABLE_MODULES = NO;
				CLANG_ENABLE_OBJC_ARC = NO;
				CODE_SIGN_IDENTITY = "iPhone Developer";
				CODE_SIGN_STYLE = Automatic;
				COMPRESS_PNG_FILES = NO;
				DEVELOPMENT_TEAM = 5FH2J53M7P;
				GCC_PRECOMPILE_PREFIX_HEADER = YES;
				GCC_PREFIX_HEADER = "hspproj/hspproj-Prefix.pch";
				GCC_PREPROCESSOR_DEFINITIONS = (
					USE_OBAQ,
					HSPEMBED,
					HSPDISH,
					HSPIOS,
				);
				INFOPLIST_FILE = "hspproj/hspproj-Info.plist";
				IPHONEOS_DEPLOYMENT_TARGET = 10.0;
				LIBRARY_SEARCH_PATHS = (
					"$(inherited)",
					../iHSP27/lib,
				);
				ONLY_ACTIVE_ARCH = YES;
				PRODUCT_BUNDLE_IDENTIFIER = onionsoftware.hsptv.hspproj;
				PRODUCT_NAME = hspproj;
				PROVISIONING_PROFILE_SPECIFIER = "";
				TARGETED_DEVICE_FAMILY = "1,2";
				TVOS_DEPLOYMENT_TARGET = 12.0;
				VALID_ARCHS = "armv7 armv7s arm64";
				WRAPPER_EXTENSION = app;
			};
			name = Release;
		};
/* End XCBuildConfiguration section */

/* Begin XCConfigurationList section */
		1E480DA61859C4540052A2F2 /* Build configuration list for PBXProject "hspproj" */ = {
			isa = XCConfigurationList;
			buildConfigurations = (
				1E480DD51859C4540052A2F2 /* Debug */,
				1E480DD61859C4540052A2F2 /* Release */,
			);
			defaultConfigurationIsVisible = 0;
			defaultConfigurationName = Release;
		};
		1E480DD71859C4540052A2F2 /* Build configuration list for PBXNativeTarget "grotate" */ = {
			isa = XCConfigurationList;
			buildConfigurations = (
				1E480DD81859C4540052A2F2 /* Debug */,
				1E480DD91859C4540052A2F2 /* Release */,
			);
			defaultConfigurationIsVisible = 0;
			defaultConfigurationName = Release;
		};
/* End XCConfigurationList section */
	};
	rootObject = 1E480DA31859C4540052A2F2 /* Project object */;
}
